// !$*UTF8*$!
{
	archiveVersion = 1;
	classes = {
	};
	objectVersion = 46;
	objects = {

/* Begin PBXBuildFile section */
		23FB0B0799B2AF3B6DE847BD /* Pods_ElitechLab.framework in Frameworks */ = {isa = PBXBuildFile; fileRef = EFB1346E666CDCDF50E696A8 /* Pods_ElitechLab.framework */; };
		F1285BF81F14A7DB0051F275 /* AppDelegate.swift in Sources */ = {isa = PBXBuildFile; fileRef = F1285BF71F14A7DB0051F275 /* AppDelegate.swift */; };
		F1285BFD1F14A7DB0051F275 /* Main.storyboard in Resources */ = {isa = PBXBuildFile; fileRef = F1285BFB1F14A7DB0051F275 /* Main.storyboard */; };
		F1285BFF1F14A7DB0051F275 /* Assets.xcassets in Resources */ = {isa = PBXBuildFile; fileRef = F1285BFE1F14A7DB0051F275 /* Assets.xcassets */; };
		F1285C021F14A7DB0051F275 /* LaunchScreen.storyboard in Resources */ = {isa = PBXBuildFile; fileRef = F1285C001F14A7DB0051F275 /* LaunchScreen.storyboard */; };
		F1285C0A1F14AA840051F275 /* ELMainViewController.swift in Sources */ = {isa = PBXBuildFile; fileRef = F1285C091F14AA840051F275 /* ELMainViewController.swift */; };
		F1285C0C1F14AEDC0051F275 /* TechcrunchItem.swift in Sources */ = {isa = PBXBuildFile; fileRef = F1285C0B1F14AEDC0051F275 /* TechcrunchItem.swift */; };
		F1285C0E1F14B1CB0051F275 /* TechcrunchService.swift in Sources */ = {isa = PBXBuildFile; fileRef = F1285C0D1F14B1CB0051F275 /* TechcrunchService.swift */; };
		F1285C121F14D7BF0051F275 /* ELErrorMessageViewController.swift in Sources */ = {isa = PBXBuildFile; fileRef = F1285C111F14D7BF0051F275 /* ELErrorMessageViewController.swift */; };
/* End PBXBuildFile section */

/* Begin PBXFileReference section */
		8CFF797ADFAF37BDC9BE0D28 /* Pods-ElitechLab.debug.xcconfig */ = {isa = PBXFileReference; includeInIndex = 1; lastKnownFileType = text.xcconfig; name = "Pods-ElitechLab.debug.xcconfig"; path = "Pods/Target Support Files/Pods-ElitechLab/Pods-ElitechLab.debug.xcconfig"; sourceTree = "<group>"; };
		A10438563B09AB79C20A0BD3 /* Pods-ElitechLab.release.xcconfig */ = {isa = PBXFileReference; includeInIndex = 1; lastKnownFileType = text.xcconfig; name = "Pods-ElitechLab.release.xcconfig"; path = "Pods/Target Support Files/Pods-ElitechLab/Pods-ElitechLab.release.xcconfig"; sourceTree = "<group>"; };
		EFB1346E666CDCDF50E696A8 /* Pods_ElitechLab.framework */ = {isa = PBXFileReference; explicitFileType = wrapper.framework; includeInIndex = 0; path = Pods_ElitechLab.framework; sourceTree = BUILT_PRODUCTS_DIR; };
		F1285BF41F14A7DB0051F275 /* ElitechLab.app */ = {isa = PBXFileReference; explicitFileType = wrapper.application; includeInIndex = 0; path = ElitechLab.app; sourceTree = BUILT_PRODUCTS_DIR; };
		F1285BF71F14A7DB0051F275 /* AppDelegate.swift */ = {isa = PBXFileReference; lastKnownFileType = sourcecode.swift; path = AppDelegate.swift; sourceTree = "<group>"; };
		F1285BFC1F14A7DB0051F275 /* Base */ = {isa = PBXFileReference; lastKnownFileType = file.storyboard; name = Base; path = Base.lproj/Main.storyboard; sourceTree = "<group>"; };
		F1285BFE1F14A7DB0051F275 /* Assets.xcassets */ = {isa = PBXFileReference; lastKnownFileType = folder.assetcatalog; path = Assets.xcassets; sourceTree = "<group>"; };
		F1285C011F14A7DB0051F275 /* Base */ = {isa = PBXFileReference; lastKnownFileType = file.storyboard; name = Base; path = Base.lproj/LaunchScreen.storyboard; sourceTree = "<group>"; };
		F1285C031F14A7DB0051F275 /* Info.plist */ = {isa = PBXFileReference; lastKnownFileType = text.plist.xml; path = Info.plist; sourceTree = "<group>"; };
		F1285C091F14AA840051F275 /* ELMainViewController.swift */ = {isa = PBXFileReference; fileEncoding = 4; lastKnownFileType = sourcecode.swift; path = ELMainViewController.swift; sourceTree = "<group>"; };
		F1285C0B1F14AEDC0051F275 /* TechcrunchItem.swift */ = {isa = PBXFileReference; fileEncoding = 4; lastKnownFileType = sourcecode.swift; path = TechcrunchItem.swift; sourceTree = "<group>"; };
		F1285C0D1F14B1CB0051F275 /* TechcrunchService.swift */ = {isa = PBXFileReference; fileEncoding = 4; lastKnownFileType = sourcecode.swift; path = TechcrunchService.swift; sourceTree = "<group>"; };
		F1285C111F14D7BF0051F275 /* ELErrorMessageViewController.swift */ = {isa = PBXFileReference; fileEncoding = 4; lastKnownFileType = sourcecode.swift; path = ELErrorMessageViewController.swift; sourceTree = "<group>"; };
/* End PBXFileReference section */

/* Begin PBXFrameworksBuildPhase section */
		F1285BF11F14A7DB0051F275 /* Frameworks */ = {
			isa = PBXFrameworksBuildPhase;
			buildActionMask = 2147483647;
			files = (
				23FB0B0799B2AF3B6DE847BD /* Pods_ElitechLab.framework in Frameworks */,
			);
			runOnlyForDeploymentPostprocessing = 0;
		};
/* End PBXFrameworksBuildPhase section */

/* Begin PBXGroup section */
		491DA753B5E42570BEC290E0 /* Frameworks */ = {
			isa = PBXGroup;
			children = (
				EFB1346E666CDCDF50E696A8 /* Pods_ElitechLab.framework */,
			);
			name = Frameworks;
			sourceTree = "<group>";
		};
		EE1883EB860EAB7C4DF1B98C /* Pods */ = {
			isa = PBXGroup;
			children = (
				8CFF797ADFAF37BDC9BE0D28 /* Pods-ElitechLab.debug.xcconfig */,
				A10438563B09AB79C20A0BD3 /* Pods-ElitechLab.release.xcconfig */,
			);
			name = Pods;
			sourceTree = "<group>";
		};
		F1285BEB1F14A7DB0051F275 = {
			isa = PBXGroup;
			children = (
				F1285BF61F14A7DB0051F275 /* ElitechLab */,
				F1285BF51F14A7DB0051F275 /* Products */,
				EE1883EB860EAB7C4DF1B98C /* Pods */,
				491DA753B5E42570BEC290E0 /* Frameworks */,
			);
			sourceTree = "<group>";
		};
		F1285BF51F14A7DB0051F275 /* Products */ = {
			isa = PBXGroup;
			children = (
				F1285BF41F14A7DB0051F275 /* ElitechLab.app */,
			);
			name = Products;
			sourceTree = "<group>";
		};
		F1285BF61F14A7DB0051F275 /* ElitechLab */ = {
			isa = PBXGroup;
			children = (
				F1285C141F14E8F80051F275 /* RestService */,
				F1285C131F14E8E00051F275 /* ViewControllers */,
				F1285BF71F14A7DB0051F275 /* AppDelegate.swift */,
				F1285BFB1F14A7DB0051F275 /* Main.storyboard */,
				F1285BFE1F14A7DB0051F275 /* Assets.xcassets */,
				F1285C001F14A7DB0051F275 /* LaunchScreen.storyboard */,
				F1285C031F14A7DB0051F275 /* Info.plist */,
			);
			path = ElitechLab;
			sourceTree = "<group>";
		};
		F1285C131F14E8E00051F275 /* ViewControllers */ = {
			isa = PBXGroup;
			children = (
				F1285C091F14AA840051F275 /* ELMainViewController.swift */,
				F1285C111F14D7BF0051F275 /* ELErrorMessageViewController.swift */,
			);
			name = ViewControllers;
			sourceTree = "<group>";
		};
		F1285C141F14E8F80051F275 /* RestService */ = {
			isa = PBXGroup;
			children = (
				F1285C0D1F14B1CB0051F275 /* TechcrunchService.swift */,
				F1285C0B1F14AEDC0051F275 /* TechcrunchItem.swift */,
			);
			name = RestService;
			sourceTree = "<group>";
		};
/* End PBXGroup section */

/* Begin PBXNativeTarget section */
		F1285BF31F14A7DB0051F275 /* ElitechLab */ = {
			isa = PBXNativeTarget;
			buildConfigurationList = F1285C061F14A7DB0051F275 /* Build configuration list for PBXNativeTarget "ElitechLab" */;
			buildPhases = (
				885990BBA7B79D1FF6893AC8 /* [CP] Check Pods Manifest.lock */,
				F1285BF01F14A7DB0051F275 /* Sources */,
				F1285BF11F14A7DB0051F275 /* Frameworks */,
				F1285BF21F14A7DB0051F275 /* Resources */,
				58A5DC23EB2AD8A4CA6ED5C5 /* [CP] Embed Pods Frameworks */,
				0801E4381AAC98FB4E363037 /* [CP] Copy Pods Resources */,
			);
			buildRules = (
			);
			dependencies = (
			);
			name = ElitechLab;
			productName = ElitechLab;
			productReference = F1285BF41F14A7DB0051F275 /* ElitechLab.app */;
			productType = "com.apple.product-type.application";
		};
/* End PBXNativeTarget section */

/* Begin PBXProject section */
		F1285BEC1F14A7DB0051F275 /* Project object */ = {
			isa = PBXProject;
			attributes = {
				LastSwiftUpdateCheck = 0830;
				LastUpgradeCheck = 0830;
				ORGANIZATIONNAME = "Óscar Rodríguez Garrucho";
				TargetAttributes = {
					F1285BF31F14A7DB0051F275 = {
						CreatedOnToolsVersion = 8.3.3;
						ProvisioningStyle = Automatic;
					};
				};
			};
			buildConfigurationList = F1285BEF1F14A7DB0051F275 /* Build configuration list for PBXProject "ElitechLab" */;
			compatibilityVersion = "Xcode 3.2";
			developmentRegion = English;
			hasScannedForEncodings = 0;
			knownRegions = (
				en,
				Base,
			);
			mainGroup = F1285BEB1F14A7DB0051F275;
			productRefGroup = F1285BF51F14A7DB0051F275 /* Products */;
			projectDirPath = "";
			projectRoot = "";
			targets = (
				F1285BF31F14A7DB0051F275 /* ElitechLab */,
			);
		};
/* End PBXProject section */

/* Begin PBXResourcesBuildPhase section */
		F1285BF21F14A7DB0051F275 /* Resources */ = {
			isa = PBXResourcesBuildPhase;
			buildActionMask = 2147483647;
			files = (
				F1285C021F14A7DB0051F275 /* LaunchScreen.storyboard in Resources */,
				F1285BFF1F14A7DB0051F275 /* Assets.xcassets in Resources */,
				F1285BFD1F14A7DB0051F275 /* Main.storyboard in Resources */,
			);
			runOnlyForDeploymentPostprocessing = 0;
		};
/* End PBXResourcesBuildPhase section */

/* Begin PBXShellScriptBuildPhase section */
		0801E4381AAC98FB4E363037 /* [CP] Copy Pods Resources */ = {
			isa = PBXShellScriptBuildPhase;
			buildActionMask = 2147483647;
			files = (
			);
			inputPaths = (
			);
			name = "[CP] Copy Pods Resources";
			outputPaths = (
			);
			runOnlyForDeploymentPostprocessing = 0;
			shellPath = /bin/sh;
			shellScript = "\"${SRCROOT}/Pods/Target Support Files/Pods-ElitechLab/Pods-ElitechLab-resources.sh\"\n";
			showEnvVarsInLog = 0;
		};
		58A5DC23EB2AD8A4CA6ED5C5 /* [CP] Embed Pods Frameworks */ = {
			isa = PBXShellScriptBuildPhase;
			buildActionMask = 2147483647;
			files = (
			);
			inputPaths = (
			);
			name = "[CP] Embed Pods Frameworks";
			outputPaths = (
			);
			runOnlyForDeploymentPostprocessing = 0;
			shellPath = /bin/sh;
			shellScript = "\"${SRCROOT}/Pods/Target Support Files/Pods-ElitechLab/Pods-ElitechLab-frameworks.sh\"\n";
			showEnvVarsInLog = 0;
		};
		885990BBA7B79D1FF6893AC8 /* [CP] Check Pods Manifest.lock */ = {
			isa = PBXShellScriptBuildPhase;
			buildActionMask = 2147483647;
			files = (
			);
			inputPaths = (
			);
			name = "[CP] Check Pods Manifest.lock";
			outputPaths = (
			);
			runOnlyForDeploymentPostprocessing = 0;
			shellPath = /bin/sh;
			shellScript = "diff \"${PODS_PODFILE_DIR_PATH}/Podfile.lock\" \"${PODS_ROOT}/Manifest.lock\" > /dev/null\nif [ $? != 0 ] ; then\n    # print error to STDERR\n    echo \"error: The sandbox is not in sync with the Podfile.lock. Run 'pod install' or update your CocoaPods installation.\" >&2\n    exit 1\nfi\n";
			showEnvVarsInLog = 0;
		};
/* End PBXShellScriptBuildPhase section */

/* Begin PBXSourcesBuildPhase section */
		F1285BF01F14A7DB0051F275 /* Sources */ = {
			isa = PBXSourcesBuildPhase;
			buildActionMask = 2147483647;
			files = (
				F1285C121F14D7BF0051F275 /* ELErrorMessageViewController.swift in Sources */,
				F1285C0E1F14B1CB0051F275 /* TechcrunchService.swift in Sources */,
				F1285C0C1F14AEDC0051F275 /* TechcrunchItem.swift in Sources */,
				F1285BF81F14A7DB0051F275 /* AppDelegate.swift in Sources */,
				F1285C0A1F14AA840051F275 /* ELMainViewController.swift in Sources */,
			);
			runOnlyForDeploymentPostprocessing = 0;
		};
/* End PBXSourcesBuildPhase section */

/* Begin PBXVariantGroup section */
		F1285BFB1F14A7DB0051F275 /* Main.storyboard */ = {
			isa = PBXVariantGroup;
			children = (
				F1285BFC1F14A7DB0051F275 /* Base */,
			);
			name = Main.storyboard;
			sourceTree = "<group>";
		};
		F1285C001F14A7DB0051F275 /* LaunchScreen.storyboard */ = {
			isa = PBXVariantGroup;
			children = (
				F1285C011F14A7DB0051F275 /* Base */,
			);
			name = LaunchScreen.storyboard;
			sourceTree = "<group>";
		};
/* End PBXVariantGroup section */

/* Begin XCBuildConfiguration section */
		F1285C041F14A7DB0051F275 /* Debug */ = {
			isa = XCBuildConfiguration;
			buildSettings = {
				ALWAYS_SEARCH_USER_PATHS = NO;
				CLANG_ANALYZER_NONNULL = YES;
				CLANG_ANALYZER_NUMBER_OBJECT_CONVERSION = YES_AGGRESSIVE;
				CLANG_CXX_LANGUAGE_STANDARD = "gnu++0x";
				CLANG_CXX_LIBRARY = "libc++";
				CLANG_ENABLE_MODULES = YES;
				CLANG_ENABLE_OBJC_ARC = YES;
				CLANG_WARN_BOOL_CONVERSION = YES;
				CLANG_WARN_CONSTANT_CONVERSION = YES;
				CLANG_WARN_DIRECT_OBJC_ISA_USAGE = YES_ERROR;
				CLANG_WARN_DOCUMENTATION_COMMENTS = YES;
				CLANG_WARN_EMPTY_BODY = YES;
				CLANG_WARN_ENUM_CONVERSION = YES;
				CLANG_WARN_INFINITE_RECURSION = YES;
				CLANG_WARN_INT_CONVERSION = YES;
				CLANG_WARN_OBJC_ROOT_CLASS = YES_ERROR;
				CLANG_WARN_SUSPICIOUS_MOVE = YES;
				CLANG_WARN_UNREACHABLE_CODE = YES;
				CLANG_WARN__DUPLICATE_METHOD_MATCH = YES;
				"CODE_SIGN_IDENTITY[sdk=iphoneos*]" = "iPhone Developer";
				COPY_PHASE_STRIP = NO;
				DEBUG_INFORMATION_FORMAT = dwarf;
				ENABLE_STRICT_OBJC_MSGSEND = YES;
				ENABLE_TESTABILITY = YES;
				GCC_C_LANGUAGE_STANDARD = gnu99;
				GCC_DYNAMIC_NO_PIC = NO;
				GCC_NO_COMMON_BLOCKS = YES;
				GCC_OPTIMIZATION_LEVEL = 0;
				GCC_PREPROCESSOR_DEFINITIONS = (
					"DEBUG=1",
					"$(inherited)",
				);
				GCC_WARN_64_TO_32_BIT_CONVERSION = YES;
				GCC_WARN_ABOUT_RETURN_TYPE = YES_ERROR;
				GCC_WARN_UNDECLARED_SELECTOR = YES;
				GCC_WARN_UNINITIALIZED_AUTOS = YES_AGGRESSIVE;
				GCC_WARN_UNUSED_FUNCTION = YES;
				GCC_WARN_UNUSED_VARIABLE = YES;
				IPHONEOS_DEPLOYMENT_TARGET = 10.3;
				MTL_ENABLE_DEBUG_INFO = YES;
				ONLY_ACTIVE_ARCH = YES;
				SDKROOT = iphoneos;
				SWIFT_ACTIVE_COMPILATION_CONDITIONS = DEBUG;
				SWIFT_OPTIMIZATION_LEVEL = "-Onone";
				TARGETED_DEVICE_FAMILY = "1,2";
			};
			name = Debug;
		};
		F1285C051F14A7DB0051F275 /* Release */ = {
			isa = XCBuildConfiguration;
			buildSettings = {
				ALWAYS_SEARCH_USER_PATHS = NO;
				CLANG_ANALYZER_NONNULL = YES;
				CLANG_ANALYZER_NUMBER_OBJECT_CONVERSION = YES_AGGRESSIVE;
				CLANG_CXX_LANGUAGE_STANDARD = "gnu++0x";
				CLANG_CXX_LIBRARY = "libc++";
				CLANG_ENABLE_MODULES = YES;
				CLANG_ENABLE_OBJC_ARC = YES;
				CLANG_WARN_BOOL_CONVERSION = YES;
				CLANG_WARN_CONSTANT_CONVERSION = YES;
				CLANG_WARN_DIRECT_OBJC_ISA_USAGE = YES_ERROR;
				CLANG_WARN_DOCUMENTATION_COMMENTS = YES;
				CLANG_WARN_EMPTY_BODY = YES;
				CLANG_WARN_ENUM_CONVERSION = YES;
				CLANG_WARN_INFINITE_RECURSION = YES;
				CLANG_WARN_INT_CONVERSION = YES;
				CLANG_WARN_OBJC_ROOT_CLASS = YES_ERROR;
				CLANG_WARN_SUSPICIOUS_MOVE = YES;
				CLANG_WARN_UNREACHABLE_CODE = YES;
				CLANG_WARN__DUPLICATE_METHOD_MATCH = YES;
				"CODE_SIGN_IDENTITY[sdk=iphoneos*]" = "iPhone Developer";
				COPY_PHASE_STRIP = NO;
				DEBUG_INFORMATION_FORMAT = "dwarf-with-dsym";
				ENABLE_NS_ASSERTIONS = NO;
				ENABLE_STRICT_OBJC_MSGSEND = YES;
				GCC_C_LANGUAGE_STANDARD = gnu99;
				GCC_NO_COMMON_BLOCKS = YES;
				GCC_WARN_64_TO_32_BIT_CONVERSION = YES;
				GCC_WARN_ABOUT_RETURN_TYPE = YES_ERROR;
				GCC_WARN_UNDECLARED_SELECTOR = YES;
				GCC_WARN_UNINITIALIZED_AUTOS = YES_AGGRESSIVE;
				GCC_WARN_UNUSED_FUNCTION = YES;
				GCC_WARN_UNUSED_VARIABLE = YES;
				IPHONEOS_DEPLOYMENT_TARGET = 10.3;
				MTL_ENABLE_DEBUG_INFO = NO;
				SDKROOT = iphoneos;
				SWIFT_OPTIMIZATION_LEVEL = "-Owholemodule";
				TARGETED_DEVICE_FAMILY = "1,2";
				VALIDATE_PRODUCT = YES;
			};
			name = Release;
		};
		F1285C071F14A7DB0051F275 /* Debug */ = {
			isa = XCBuildConfiguration;
			baseConfigurationReference = 8CFF797ADFAF37BDC9BE0D28 /* Pods-ElitechLab.debug.xcconfig */;
			buildSettings = {
				ASSETCATALOG_COMPILER_APPICON_NAME = AppIcon;
				INFOPLIST_FILE = ElitechLab/Info.plist;
				IPHONEOS_DEPLOYMENT_TARGET = 9.0;
				LD_RUNPATH_SEARCH_PATHS = "$(inherited) @executable_path/Frameworks";
				PRODUCT_BUNDLE_IDENTIFIER = es.org.ElitechLab;
				PRODUCT_NAME = "$(TARGET_NAME)";
				SWIFT_VERSION = 3.0;
				TARGETED_DEVICE_FAMILY = 1;
			};
			name = Debug;
		};
		F1285C081F14A7DB0051F275 /* Release */ = {
			isa = XCBuildConfiguration;
			baseConfigurationReference = A10438563B09AB79C20A0BD3 /* Pods-ElitechLab.release.xcconfig */;
			buildSettings = {
				ASSETCATALOG_COMPILER_APPICON_NAME = AppIcon;
				INFOPLIST_FILE = ElitechLab/Info.plist;
				IPHONEOS_DEPLOYMENT_TARGET = 9.0;
				LD_RUNPATH_SEARCH_PATHS = "$(inherited) @executable_path/Frameworks";
				PRODUCT_BUNDLE_IDENTIFIER = es.org.ElitechLab;
				PRODUCT_NAME = "$(TARGET_NAME)";
				SWIFT_VERSION = 3.0;
				TARGETED_DEVICE_FAMILY = 1;
			};
			name = Release;
		};
/* End XCBuildConfiguration section */

/* Begin XCConfigurationList section */
		F1285BEF1F14A7DB0051F275 /* Build configuration list for PBXProject "ElitechLab" */ = {
			isa = XCConfigurationList;
			buildConfigurations = (
				F1285C041F14A7DB0051F275 /* Debug */,
				F1285C051F14A7DB0051F275 /* Release */,
			);
			defaultConfigurationIsVisible = 0;
			defaultConfigurationName = Release;
		};
		F1285C061F14A7DB0051F275 /* Build configuration list for PBXNativeTarget "ElitechLab" */ = {
			isa = XCConfigurationList;
			buildConfigurations = (
				F1285C071F14A7DB0051F275 /* Debug */,
				F1285C081F14A7DB0051F275 /* Release */,
			);
			defaultConfigurationIsVisible = 0;
			defaultConfigurationName = Release;
		};
/* End XCConfigurationList section */
	};
	rootObject = F1285BEC1F14A7DB0051F275 /* Project object */;
}
